{
    "_meta": {
        "hash": {
            "sha256": "81e4be1f994ff77ff648f0b25b5dfc93e2feb7e78a032b8a7c2cc3b74c7618b9"
        },
        "host-environment-markers": {
            "implementation_name": "cpython",
            "implementation_version": "3.7.0",
            "os_name": "posix",
            "platform_machine": "x86_64",
            "platform_python_implementation": "CPython",
            "platform_release": "4.15.0-38-generic",
            "platform_system": "Linux",
            "platform_version": "#41-Ubuntu SMP Wed Oct 10 10:59:38 UTC 2018",
            "python_full_version": "3.7.0",
            "python_version": "3.7",
            "sys_platform": "linux"
        },
        "pipfile-spec": 6,
        "requires": {
            "python_version": "3.7"
        },
        "sources": [
            {
                "name": "pypi",
                "url": "https://pypi.org/simple",
                "verify_ssl": true
            }
        ]
    },
    "default": {
        "certifi": {
            "hashes": [],
            "version": "==2018.10.15"
        },
        "chardet": {
            "hashes": [],
            "version": "==3.0.4"
        },
        "dj-database-url": {
            "hashes": [],
            "version": "==0.5.0"
        },
        "django": {
            "hashes": [],
            "version": "==2.1.3"
        },
        "django-heroku": {
            "hashes": [],
            "version": "==0.3.1"
        },
        "gunicorn": {
            "hashes": [],
            "version": "==19.9.0"
        },
        "idna": {
            "hashes": [],
            "version": "==2.7"
        },
        "more-itertools": {
            "hashes": [],
            "version": "==4.3.0"
        },
        "numpy": {
            "hashes": [],
            "version": "==1.15.4"
        },
        "psycopg2": {
            "hashes": [],
            "version": "==2.7.5"
        },
        "pytz": {
            "hashes": [],
            "version": "==2018.7"
        },
        "requests": {
            "hashes": [],
            "version": "==2.20.0"
        },
        "six": {
            "hashes": [],
            "version": "==1.11.0"
        },
        "urllib3": {
            "hashes": [],
            "version": "==1.24.1"
        },
        "whitenoise": {
            "hashes": [],
            "version": "==4.1"
        }
    },
    "develop": {}
}
